
Microsoft Visual Studio Solution File, Format Version 12.00
# Visual Studio Version 17
VisualStudioVersion = 17.7.34031.279
MinimumVisualStudioVersion = 10.0.40219.1
Project("{FAE04EC0-301F-11D3-BF4B-00C04F79EFBC}") = "Manage Dual", "manage dual\Manage Dual.csproj", "{F5292E86-62ED-41F0-AE6B-1AF78D56AC53}"
EndProject
Global
	GlobalSection(SolutionConfigurationPlatforms) = preSolution
		Debug|Any CPU = Debug|Any CPU
		Release|Any CPU = Release|Any CPU
	EndGlobalSection
	GlobalSection(ProjectConfigurationPlatforms) = postSolution
		{F5292E86-62ED-41F0-AE6B-1AF78D56AC53}.Debug|Any CPU.ActiveCfg = Debug|Any CPU
		{F5292E86-62ED-41F0-AE6B-1AF78D56AC53}.Debug|Any CPU.Build.0 = Debug|Any CPU
		{F5292E86-62ED-41F0-AE6B-1AF78D56AC53}.Release|Any CPU.ActiveCfg = Release|Any CPU
		{F5292E86-62ED-41F0-AE6B-1AF78D56AC53}.Release|Any CPU.Build.0 = Release|Any CPU
	EndGlobalSection
	GlobalSection(SolutionProperties) = preSolution
		HideSolutionNode = FALSE
	EndGlobalSection
	GlobalSection(ExtensibilityGlobals) = postSolution
		SolutionGuid = {66A1A1CE-D944-4CE0-976A-420FAD677C29}
	EndGlobalSection
EndGlobal
